
Microsoft Visual Studio Solution File, Format Version 12.00
# Visual Studio 15
VisualStudioVersion = 15.0.28307.539
MinimumVisualStudioVersion = 10.0.40219.1
Project("{8BC9CEB8-8B4A-11D0-8D11-00A0C91BC942}") = "Bomberman-SFML", "Bomberman-SFML\Bomberman-SFML.vcxproj", "{91627E34-3864-46B4-8B0A-145A0D158BE5}"
EndProject
Global
	GlobalSection(SolutionConfigurationPlatforms) = preSolution
		Debug|x64 = Debug|x64
		Debug|x86 = Debug|x86
		Release|x64 = Release|x64
		Release|x86 = Release|x86
	EndGlobalSection
	GlobalSection(ProjectConfigurationPlatforms) = postSolution
		{91627E34-3864-46B4-8B0A-145A0D158BE5}.Debug|x64.ActiveCfg = Debug|x64
		{91627E34-3864-46B4-8B0A-145A0D158BE5}.Debug|x64.Build.0 = Debug|x64
		{91627E34-3864-46B4-8B0A-145A0D158BE5}.Debug|x86.ActiveCfg = Debug|Win32
		{91627E34-3864-46B4-8B0A-145A0D158BE5}.Debug|x86.Build.0 = Debug|Win32
		{91627E34-3864-46B4-8B0A-145A0D158BE5}.Release|x64.ActiveCfg = Release|x64
		{91627E34-3864-46B4-8B0A-145A0D158BE5}.Release|x64.Build.0 = Release|x64
		{91627E34-3864-46B4-8B0A-145A0D158BE5}.Release|x86.ActiveCfg = Release|Win32
		{91627E34-3864-46B4-8B0A-145A0D158BE5}.Release|x86.Build.0 = Release|Win32
	EndGlobalSection
	GlobalSection(SolutionProperties) = preSolution
		HideSolutionNode = FALSE
	EndGlobalSection
	GlobalSection(ExtensibilityGlobals) = postSolution
		SolutionGuid = {765F8D24-307B-4E2E-845A-B1621040005E}
	EndGlobalSection
EndGlobal
