<?xml version="1.0" encoding="utf-8"?>
<Project ToolsVersion="4.0" xmlns="http://schemas.microsoft.com/developer/msbuild/2003">
  <ItemGroup>
    <Filter Include="Includes">
      <UniqueIdentifier>{97f8e187-b4d5-45e8-870f-f9855e2f1839}</UniqueIdentifier>
    </Filter>
    <Filter Include="Resources">
      <UniqueIdentifier>{2f9c03d8-e15d-42e1-9d1f-f9ea3365ffb6}</UniqueIdentifier>
    </Filter>
    <Filter Include="Source">
      <UniqueIdentifier>{006fa91a-9cb0-4797-9ea9-03ff2c6d705d}</UniqueIdentifier>
    </Filter>
    <Filter Include="Includes\Core">
      <UniqueIdentifier>{96415fe4-447e-4df1-ac6b-35200f4b7e56}</UniqueIdentifier>
    </Filter>
    <Filter Include="Includes\Math">
      <UniqueIdentifier>{73d83700-0678-4766-ba7e-768828dae19a}</UniqueIdentifier>
    </Filter>
  </ItemGroup>
  <ItemGroup>
    <ClInclude Include="Actor.h">
      <Filter>Includes\Core</Filter>
    </ClInclude>
    <ClInclude Include="EngineCore.h">
      <Filter>Includes\Core</Filter>
    </ClInclude>
    <ClInclude Include="Game.h">
      <Filter>Includes\Core</Filter>
    </ClInclude>
    <ClInclude Include="Level.h">
      <Filter>Includes\Core</Filter>
    </ClInclude>
    <ClInclude Include="Pawn.h">
      <Filter>Includes\Core</Filter>
    </ClInclude>
    <ClInclude Include="Definitions.h">
      <Filter>Includes\Math</Filter>
    </ClInclude>
    <ClInclude Include="Player.h">
      <Filter>Includes\Core</Filter>
    </ClInclude>
    <ClInclude Include="Dynamite.h">
      <Filter>Includes\Core</Filter>
    </ClInclude>
    <ClInclude Include="Explosion.h">
      <Filter>Includes\Core</Filter>
    </ClInclude>
    <ClInclude Include="TextureManager.h">
      <Filter>Includes\Core</Filter>
    </ClInclude>
  </ItemGroup>
  <ItemGroup>
    <ClCompile Include="Game.cpp">
      <Filter>Source</Filter>
    </ClCompile>
    <ClCompile Include="Level.cpp">
      <Filter>Source</Filter>
    </ClCompile>
    <ClCompile Include="Main.cpp">
      <Filter>Source</Filter>
    </ClCompile>
    <ClCompile Include="Pawn.cpp">
      <Filter>Source</Filter>
    </ClCompile>
    <ClCompile Include="Player.cpp">
      <Filter>Source</Filter>
    </ClCompile>
    <ClCompile Include="Dynamite.cpp">
      <Filter>Source</Filter>
    </ClCompile>
    <ClCompile Include="TextureManager.cpp">
      <Filter>Source</Filter>
    </ClCompile>
  </ItemGroup>
  <ItemGroup>
    <None Include="packages.config" />
  </ItemGroup>
</Project>